// !$*UTF8*$!
{
	archiveVersion = 1;
	classes = {
	};
	objectVersion = 46;
	objects = {

/* Begin PBXBuildFile section */
		AB1EF6821F1EEA7700BD2A4B /* AppDelegate.swift in Sources */ = {isa = PBXBuildFile; fileRef = AB1EF6811F1EEA7700BD2A4B /* AppDelegate.swift */; };
		AB1EF6841F1EEA7700BD2A4B /* ViewController.swift in Sources */ = {isa = PBXBuildFile; fileRef = AB1EF6831F1EEA7700BD2A4B /* ViewController.swift */; };
		AB1EF6871F1EEA7700BD2A4B /* Main.storyboard in Resources */ = {isa = PBXBuildFile; fileRef = AB1EF6851F1EEA7700BD2A4B /* Main.storyboard */; };
		AB1EF6891F1EEA7700BD2A4B /* Assets.xcassets in Resources */ = {isa = PBXBuildFile; fileRef = AB1EF6881F1EEA7700BD2A4B /* Assets.xcassets */; };
		AB1EF68C1F1EEA7700BD2A4B /* LaunchScreen.storyboard in Resources */ = {isa = PBXBuildFile; fileRef = AB1EF68A1F1EEA7700BD2A4B /* LaunchScreen.storyboard */; };
		F3C2AB739717C79E3CF44175 /* Pods_ta5.framework in Frameworks */ = {isa = PBXBuildFile; fileRef = 19B4F7ABA8059E5D88DFE092 /* Pods_ta5.framework */; };
/* End PBXBuildFile section */

/* Begin PBXFileReference section */
		19B4F7ABA8059E5D88DFE092 /* Pods_ta5.framework */ = {isa = PBXFileReference; explicitFileType = wrapper.framework; includeInIndex = 0; path = Pods_ta5.framework; sourceTree = BUILT_PRODUCTS_DIR; };
		1AA8348D836D98F9566A7C37 /* Pods-ta5.release.xcconfig */ = {isa = PBXFileReference; includeInIndex = 1; lastKnownFileType = text.xcconfig; name = "Pods-ta5.release.xcconfig"; path = "Pods/Target Support Files/Pods-ta5/Pods-ta5.release.xcconfig"; sourceTree = "<group>"; };
		AB1EF67E1F1EEA7700BD2A4B /* ta5.app */ = {isa = PBXFileReference; explicitFileType = wrapper.application; includeInIndex = 0; path = ta5.app; sourceTree = BUILT_PRODUCTS_DIR; };
		AB1EF6811F1EEA7700BD2A4B /* AppDelegate.swift */ = {isa = PBXFileReference; lastKnownFileType = sourcecode.swift; path = AppDelegate.swift; sourceTree = "<group>"; };
		AB1EF6831F1EEA7700BD2A4B /* ViewController.swift */ = {isa = PBXFileReference; lastKnownFileType = sourcecode.swift; path = ViewController.swift; sourceTree = "<group>"; };
		AB1EF6861F1EEA7700BD2A4B /* Base */ = {isa = PBXFileReference; lastKnownFileType = file.storyboard; name = Base; path = Base.lproj/Main.storyboard; sourceTree = "<group>"; };
		AB1EF6881F1EEA7700BD2A4B /* Assets.xcassets */ = {isa = PBXFileReference; lastKnownFileType = folder.assetcatalog; path = Assets.xcassets; sourceTree = "<group>"; };
		AB1EF68B1F1EEA7700BD2A4B /* Base */ = {isa = PBXFileReference; lastKnownFileType = file.storyboard; name = Base; path = Base.lproj/LaunchScreen.storyboard; sourceTree = "<group>"; };
		AB1EF68D1F1EEA7700BD2A4B /* Info.plist */ = {isa = PBXFileReference; lastKnownFileType = text.plist.xml; path = Info.plist; sourceTree = "<group>"; };
		FF488C8F5D902C21645BE2A7 /* Pods-ta5.debug.xcconfig */ = {isa = PBXFileReference; includeInIndex = 1; lastKnownFileType = text.xcconfig; name = "Pods-ta5.debug.xcconfig"; path = "Pods/Target Support Files/Pods-ta5/Pods-ta5.debug.xcconfig"; sourceTree = "<group>"; };
/* End PBXFileReference section */

/* Begin PBXFrameworksBuildPhase section */
		AB1EF67B1F1EEA7700BD2A4B /* Frameworks */ = {
			isa = PBXFrameworksBuildPhase;
			buildActionMask = 2147483647;
			files = (
				F3C2AB739717C79E3CF44175 /* Pods_ta5.framework in Frameworks */,
			);
			runOnlyForDeploymentPostprocessing = 0;
		};
/* End PBXFrameworksBuildPhase section */

/* Begin PBXGroup section */
		0965631AF16311F620E8A6E9 /* Frameworks */ = {
			isa = PBXGroup;
			children = (
				19B4F7ABA8059E5D88DFE092 /* Pods_ta5.framework */,
			);
			name = Frameworks;
			sourceTree = "<group>";
		};
		33DE60BF377EBC340DA3B82A /* Pods */ = {
			isa = PBXGroup;
			children = (
				FF488C8F5D902C21645BE2A7 /* Pods-ta5.debug.xcconfig */,
				1AA8348D836D98F9566A7C37 /* Pods-ta5.release.xcconfig */,
			);
			name = Pods;
			sourceTree = "<group>";
		};
		AB1EF6751F1EEA7700BD2A4B = {
			isa = PBXGroup;
			children = (
				AB1EF6801F1EEA7700BD2A4B /* ta5 */,
				AB1EF67F1F1EEA7700BD2A4B /* Products */,
				33DE60BF377EBC340DA3B82A /* Pods */,
				0965631AF16311F620E8A6E9 /* Frameworks */,
			);
			sourceTree = "<group>";
		};
		AB1EF67F1F1EEA7700BD2A4B /* Products */ = {
			isa = PBXGroup;
			children = (
				AB1EF67E1F1EEA7700BD2A4B /* ta5.app */,
			);
			name = Products;
			sourceTree = "<group>";
		};
		AB1EF6801F1EEA7700BD2A4B /* ta5 */ = {
			isa = PBXGroup;
			children = (
				AB1EF6811F1EEA7700BD2A4B /* AppDelegate.swift */,
				AB1EF6831F1EEA7700BD2A4B /* ViewController.swift */,
				AB1EF6851F1EEA7700BD2A4B /* Main.storyboard */,
				AB1EF6881F1EEA7700BD2A4B /* Assets.xcassets */,
				AB1EF68A1F1EEA7700BD2A4B /* LaunchScreen.storyboard */,
				AB1EF68D1F1EEA7700BD2A4B /* Info.plist */,
			);
			path = ta5;
			sourceTree = "<group>";
		};
/* End PBXGroup section */

/* Begin PBXNativeTarget section */
		AB1EF67D1F1EEA7700BD2A4B /* ta5 */ = {
			isa = PBXNativeTarget;
			buildConfigurationList = AB1EF6901F1EEA7700BD2A4B /* Build configuration list for PBXNativeTarget "ta5" */;
			buildPhases = (
				6121820139162F066BC42BBB /* [CP] Check Pods Manifest.lock */,
				AB1EF67A1F1EEA7700BD2A4B /* Sources */,
				AB1EF67B1F1EEA7700BD2A4B /* Frameworks */,
				AB1EF67C1F1EEA7700BD2A4B /* Resources */,
				9C57C2C553BCB77D0801DD6B /* [CP] Embed Pods Frameworks */,
				D141B5F866946468D342012A /* [CP] Copy Pods Resources */,
			);
			buildRules = (
			);
			dependencies = (
			);
			name = ta5;
			productName = ta5;
			productReference = AB1EF67E1F1EEA7700BD2A4B /* ta5.app */;
			productType = "com.apple.product-type.application";
		};
/* End PBXNativeTarget section */

/* Begin PBXProject section */
		AB1EF6761F1EEA7700BD2A4B /* Project object */ = {
			isa = PBXProject;
			attributes = {
				LastSwiftUpdateCheck = 0830;
				LastUpgradeCheck = 0830;
				ORGANIZATIONNAME = nttr;
				TargetAttributes = {
					AB1EF67D1F1EEA7700BD2A4B = {
						CreatedOnToolsVersion = 8.3.3;
						ProvisioningStyle = Automatic;
					};
				};
			};
			buildConfigurationList = AB1EF6791F1EEA7700BD2A4B /* Build configuration list for PBXProject "ta5" */;
			compatibilityVersion = "Xcode 3.2";
			developmentRegion = English;
			hasScannedForEncodings = 0;
			knownRegions = (
				en,
				Base,
			);
			mainGroup = AB1EF6751F1EEA7700BD2A4B;
			productRefGroup = AB1EF67F1F1EEA7700BD2A4B /* Products */;
			projectDirPath = "";
			projectRoot = "";
			targets = (
				AB1EF67D1F1EEA7700BD2A4B /* ta5 */,
			);
		};
/* End PBXProject section */

/* Begin PBXResourcesBuildPhase section */
		AB1EF67C1F1EEA7700BD2A4B /* Resources */ = {
			isa = PBXResourcesBuildPhase;
			buildActionMask = 2147483647;
			files = (
				AB1EF68C1F1EEA7700BD2A4B /* LaunchScreen.storyboard in Resources */,
				AB1EF6891F1EEA7700BD2A4B /* Assets.xcassets in Resources */,
				AB1EF6871F1EEA7700BD2A4B /* Main.storyboard in Resources */,
			);
			runOnlyForDeploymentPostprocessing = 0;
		};
/* End PBXResourcesBuildPhase section */

/* Begin PBXShellScriptBuildPhase section */
		6121820139162F066BC42BBB /* [CP] Check Pods Manifest.lock */ = {
			isa = PBXShellScriptBuildPhase;
			buildActionMask = 2147483647;
			files = (
			);
			inputPaths = (
			);
			name = "[CP] Check Pods Manifest.lock";
			outputPaths = (
			);
			runOnlyForDeploymentPostprocessing = 0;
			shellPath = /bin/sh;
			shellScript = "diff \"${PODS_PODFILE_DIR_PATH}/Podfile.lock\" \"${PODS_ROOT}/Manifest.lock\" > /dev/null\nif [ $? != 0 ] ; then\n    # print error to STDERR\n    echo \"error: The sandbox is not in sync with the Podfile.lock. Run 'pod install' or update your CocoaPods installation.\" >&2\n    exit 1\nfi\n";
			showEnvVarsInLog = 0;
		};
		9C57C2C553BCB77D0801DD6B /* [CP] Embed Pods Frameworks */ = {
			isa = PBXShellScriptBuildPhase;
			buildActionMask = 2147483647;
			files = (
			);
			inputPaths = (
			);
			name = "[CP] Embed Pods Frameworks";
			outputPaths = (
			);
			runOnlyForDeploymentPostprocessing = 0;
			shellPath = /bin/sh;
			shellScript = "\"${SRCROOT}/Pods/Target Support Files/Pods-ta5/Pods-ta5-frameworks.sh\"\n";
			showEnvVarsInLog = 0;
		};
		D141B5F866946468D342012A /* [CP] Copy Pods Resources */ = {
			isa = PBXShellScriptBuildPhase;
			buildActionMask = 2147483647;
			files = (
			);
			inputPaths = (
			);
			name = "[CP] Copy Pods Resources";
			outputPaths = (
			);
			runOnlyForDeploymentPostprocessing = 0;
			shellPath = /bin/sh;
			shellScript = "\"${SRCROOT}/Pods/Target Support Files/Pods-ta5/Pods-ta5-resources.sh\"\n";
			showEnvVarsInLog = 0;
		};
/* End PBXShellScriptBuildPhase section */

/* Begin PBXSourcesBuildPhase section */
		AB1EF67A1F1EEA7700BD2A4B /* Sources */ = {
			isa = PBXSourcesBuildPhase;
			buildActionMask = 2147483647;
			files = (
				AB1EF6841F1EEA7700BD2A4B /* ViewController.swift in Sources */,
				AB1EF6821F1EEA7700BD2A4B /* AppDelegate.swift in Sources */,
			);
			runOnlyForDeploymentPostprocessing = 0;
		};
/* End PBXSourcesBuildPhase section */

/* Begin PBXVariantGroup section */
		AB1EF6851F1EEA7700BD2A4B /* Main.storyboard */ = {
			isa = PBXVariantGroup;
			children = (
				AB1EF6861F1EEA7700BD2A4B /* Base */,
			);
			name = Main.storyboard;
			sourceTree = "<group>";
		};
		AB1EF68A1F1EEA7700BD2A4B /* LaunchScreen.storyboard */ = {
			isa = PBXVariantGroup;
			children = (
				AB1EF68B1F1EEA7700BD2A4B /* Base */,
			);
			name = LaunchScreen.storyboard;
			sourceTree = "<group>";
		};
/* End PBXVariantGroup section */

/* Begin XCBuildConfiguration section */
		AB1EF68E1F1EEA7700BD2A4B /* Debug */ = {
			isa = XCBuildConfiguration;
			buildSettings = {
				ALWAYS_SEARCH_USER_PATHS = NO;
				CLANG_ANALYZER_NONNULL = YES;
				CLANG_ANALYZER_NUMBER_OBJECT_CONVERSION = YES_AGGRESSIVE;
				CLANG_CXX_LANGUAGE_STANDARD = "gnu++0x";
				CLANG_CXX_LIBRARY = "libc++";
				CLANG_ENABLE_MODULES = YES;
				CLANG_ENABLE_OBJC_ARC = YES;
				CLANG_WARN_BOOL_CONVERSION = YES;
				CLANG_WARN_CONSTANT_CONVERSION = YES;
				CLANG_WARN_DIRECT_OBJC_ISA_USAGE = YES_ERROR;
				CLANG_WARN_DOCUMENTATION_COMMENTS = YES;
				CLANG_WARN_EMPTY_BODY = YES;
				CLANG_WARN_ENUM_CONVERSION = YES;
				CLANG_WARN_INFINITE_RECURSION = YES;
				CLANG_WARN_INT_CONVERSION = YES;
				CLANG_WARN_OBJC_ROOT_CLASS = YES_ERROR;
				CLANG_WARN_SUSPICIOUS_MOVE = YES;
				CLANG_WARN_UNREACHABLE_CODE = YES;
				CLANG_WARN__DUPLICATE_METHOD_MATCH = YES;
				"CODE_SIGN_IDENTITY[sdk=iphoneos*]" = "iPhone Developer";
				COPY_PHASE_STRIP = NO;
				DEBUG_INFORMATION_FORMAT = dwarf;
				ENABLE_STRICT_OBJC_MSGSEND = YES;
				ENABLE_TESTABILITY = YES;
				GCC_C_LANGUAGE_STANDARD = gnu99;
				GCC_DYNAMIC_NO_PIC = NO;
				GCC_NO_COMMON_BLOCKS = YES;
				GCC_OPTIMIZATION_LEVEL = 0;
				GCC_PREPROCESSOR_DEFINITIONS = (
					"DEBUG=1",
					"$(inherited)",
				);
				GCC_WARN_64_TO_32_BIT_CONVERSION = YES;
				GCC_WARN_ABOUT_RETURN_TYPE = YES_ERROR;
				GCC_WARN_UNDECLARED_SELECTOR = YES;
				GCC_WARN_UNINITIALIZED_AUTOS = YES_AGGRESSIVE;
				GCC_WARN_UNUSED_FUNCTION = YES;
				GCC_WARN_UNUSED_VARIABLE = YES;
				IPHONEOS_DEPLOYMENT_TARGET = 10.3;
				MTL_ENABLE_DEBUG_INFO = YES;
				ONLY_ACTIVE_ARCH = YES;
				SDKROOT = iphoneos;
				SWIFT_ACTIVE_COMPILATION_CONDITIONS = DEBUG;
				SWIFT_OPTIMIZATION_LEVEL = "-Onone";
				TARGETED_DEVICE_FAMILY = "1,2";
			};
			name = Debug;
		};
		AB1EF68F1F1EEA7700BD2A4B /* Release */ = {
			isa = XCBuildConfiguration;
			buildSettings = {
				ALWAYS_SEARCH_USER_PATHS = NO;
				CLANG_ANALYZER_NONNULL = YES;
				CLANG_ANALYZER_NUMBER_OBJECT_CONVERSION = YES_AGGRESSIVE;
				CLANG_CXX_LANGUAGE_STANDARD = "gnu++0x";
				CLANG_CXX_LIBRARY = "libc++";
				CLANG_ENABLE_MODULES = YES;
				CLANG_ENABLE_OBJC_ARC = YES;
				CLANG_WARN_BOOL_CONVERSION = YES;
				CLANG_WARN_CONSTANT_CONVERSION = YES;
				CLANG_WARN_DIRECT_OBJC_ISA_USAGE = YES_ERROR;
				CLANG_WARN_DOCUMENTATION_COMMENTS = YES;
				CLANG_WARN_EMPTY_BODY = YES;
				CLANG_WARN_ENUM_CONVERSION = YES;
				CLANG_WARN_INFINITE_RECURSION = YES;
				CLANG_WARN_INT_CONVERSION = YES;
				CLANG_WARN_OBJC_ROOT_CLASS = YES_ERROR;
				CLANG_WARN_SUSPICIOUS_MOVE = YES;
				CLANG_WARN_UNREACHABLE_CODE = YES;
				CLANG_WARN__DUPLICATE_METHOD_MATCH = YES;
				"CODE_SIGN_IDENTITY[sdk=iphoneos*]" = "iPhone Developer";
				COPY_PHASE_STRIP = NO;
				DEBUG_INFORMATION_FORMAT = "dwarf-with-dsym";
				ENABLE_NS_ASSERTIONS = NO;
				ENABLE_STRICT_OBJC_MSGSEND = YES;
				GCC_C_LANGUAGE_STANDARD = gnu99;
				GCC_NO_COMMON_BLOCKS = YES;
				GCC_WARN_64_TO_32_BIT_CONVERSION = YES;
				GCC_WARN_ABOUT_RETURN_TYPE = YES_ERROR;
				GCC_WARN_UNDECLARED_SELECTOR = YES;
				GCC_WARN_UNINITIALIZED_AUTOS = YES_AGGRESSIVE;
				GCC_WARN_UNUSED_FUNCTION = YES;
				GCC_WARN_UNUSED_VARIABLE = YES;
				IPHONEOS_DEPLOYMENT_TARGET = 10.3;
				MTL_ENABLE_DEBUG_INFO = NO;
				SDKROOT = iphoneos;
				SWIFT_OPTIMIZATION_LEVEL = "-Owholemodule";
				TARGETED_DEVICE_FAMILY = "1,2";
				VALIDATE_PRODUCT = YES;
			};
			name = Release;
		};
		AB1EF6911F1EEA7700BD2A4B /* Debug */ = {
			isa = XCBuildConfiguration;
			baseConfigurationReference = FF488C8F5D902C21645BE2A7 /* Pods-ta5.debug.xcconfig */;
			buildSettings = {
				ASSETCATALOG_COMPILER_APPICON_NAME = AppIcon;
				INFOPLIST_FILE = ta5/Info.plist;
				LD_RUNPATH_SEARCH_PATHS = "$(inherited) @executable_path/Frameworks";
				PRODUCT_BUNDLE_IDENTIFIER = nttr.ta5;
				PRODUCT_NAME = "$(TARGET_NAME)";
				SWIFT_VERSION = 3.0;
			};
			name = Debug;
		};
		AB1EF6921F1EEA7700BD2A4B /* Release */ = {
			isa = XCBuildConfiguration;
			baseConfigurationReference = 1AA8348D836D98F9566A7C37 /* Pods-ta5.release.xcconfig */;
			buildSettings = {
				ASSETCATALOG_COMPILER_APPICON_NAME = AppIcon;
				INFOPLIST_FILE = ta5/Info.plist;
				LD_RUNPATH_SEARCH_PATHS = "$(inherited) @executable_path/Frameworks";
				PRODUCT_BUNDLE_IDENTIFIER = nttr.ta5;
				PRODUCT_NAME = "$(TARGET_NAME)";
				SWIFT_VERSION = 3.0;
			};
			name = Release;
		};
/* End XCBuildConfiguration section */

/* Begin XCConfigurationList section */
		AB1EF6791F1EEA7700BD2A4B /* Build configuration list for PBXProject "ta5" */ = {
			isa = XCConfigurationList;
			buildConfigurations = (
				AB1EF68E1F1EEA7700BD2A4B /* Debug */,
				AB1EF68F1F1EEA7700BD2A4B /* Release */,
			);
			defaultConfigurationIsVisible = 0;
			defaultConfigurationName = Release;
		};
		AB1EF6901F1EEA7700BD2A4B /* Build configuration list for PBXNativeTarget "ta5" */ = {
			isa = XCConfigurationList;
			buildConfigurations = (
				AB1EF6911F1EEA7700BD2A4B /* Debug */,
				AB1EF6921F1EEA7700BD2A4B /* Release */,
			);
			defaultConfigurationIsVisible = 0;
		};
/* End XCConfigurationList section */
	};
	rootObject = AB1EF6761F1EEA7700BD2A4B /* Project object */;
}
